
Microsoft Visual Studio Solution File, Format Version 11.00
# Visual Studio 2012
Project("{FAE04EC0-301F-11D3-BF4B-00C04F79EFBC}") = "Validate XML", "Validate XML C\Validate XML.csproj", "{497C22AE-09C0-45D4-839E-03DD2AE75DBD}"
EndProject
Global
	GlobalSection(SolutionConfigurationPlatforms) = preSolution
		Debug|x86 = Debug|x86
		Release|x86 = Release|x86
	EndGlobalSection
	GlobalSection(ProjectConfigurationPlatforms) = postSolution
		{497C22AE-09C0-45D4-839E-03DD2AE75DBD}.Debug|x86.ActiveCfg = Debug|x86
		{497C22AE-09C0-45D4-839E-03DD2AE75DBD}.Debug|x86.Build.0 = Debug|x86
		{497C22AE-09C0-45D4-839E-03DD2AE75DBD}.Release|x86.ActiveCfg = Release|x86
		{497C22AE-09C0-45D4-839E-03DD2AE75DBD}.Release|x86.Build.0 = Release|x86
	EndGlobalSection
	GlobalSection(SolutionProperties) = preSolution
		HideSolutionNode = FALSE
	EndGlobalSection
EndGlobal
